# Hash-locked controller environment for ubuntu-24.04 x86_64 and CPython 3.13.
# Regenerate deliberately and review every artifact URL and SHA-256 digest.
ansible-core @ https://files.pythonhosted.org/packages/f3/0c/c3f6f78d0e28123bec95a7d1a0caf8042c51042ce71db2816a290448863b/ansible_core-2.21.2-py3-none-any.whl#sha256=c7d696c717da03109a32a569a5fe57925812a86734344eab775cba169bf57cf8
cffi @ https://files.pythonhosted.org/packages/6f/08/f2e7d62c460faae0926f2d6e423694aa409ced3bc1fe2927a0a6e5f05416/cffi-2.1.0-cp313-cp313-manylinux2014_x86_64.manylinux_2_17_x86_64.whl#sha256=799416bae98336e400981ff6e532d67d5c709cfb30afb79865a1315f94b0e224
cryptography @ https://files.pythonhosted.org/packages/d9/41/029086c34d91052fc3b88bcc8056f709a7c915c7a23b235a54eb800b1c97/cryptography-50.0.0-cp311-abi3-manylinux2014_x86_64.manylinux_2_17_x86_64.whl#sha256=06a32a980526a6ab9a4b9bf8f7385800791e2bb960903cb6b530e4817509a3b7
jinja2 @ https://files.pythonhosted.org/packages/62/a1/3d680cbfd5f4b8f15abc1d571870c5fc3e594bb582bc3b64ea099db13e56/jinja2-3.1.6-py3-none-any.whl#sha256=85ece4451f492d0c13c5dd7c13a64681a86afae63a5f347908daf103ce6d2f67
markupsafe @ https://files.pythonhosted.org/packages/a9/21/9b05698b46f218fc0e118e1f8168395c65c8a2c750ae2bab54fc4bd4e0e8/markupsafe-3.0.3-cp313-cp313-manylinux2014_x86_64.manylinux_2_17_x86_64.manylinux_2_28_x86_64.whl#sha256=ccfcd093f13f0f0b7fdd0f198b90053bf7b2f02a3927a30e63f3ccc9df56b676
packaging @ https://files.pythonhosted.org/packages/df/b2/87e62e8c3e2f4b32e5fe99e0b86d576da1312593b39f47d8ceef365e95ed/packaging-26.2-py3-none-any.whl#sha256=5fc45236b9446107ff2415ce77c807cee2862cb6fac22b8a73826d0693b0980e
pycparser @ https://files.pythonhosted.org/packages/0c/c3/44f3fbbfa403ea2a7c779186dc20772604442dde72947e7d01069cbe98e3/pycparser-3.0-py3-none-any.whl#sha256=b727414169a36b7d524c1c3e31839a521725078d7b2ff038656844266160a992
pyyaml @ https://files.pythonhosted.org/packages/74/27/e5b8f34d02d9995b80abcef563ea1f8b56d20134d8f4e5e81733b1feceb2/pyyaml-6.0.3-cp313-cp313-manylinux2014_x86_64.manylinux_2_17_x86_64.manylinux_2_28_x86_64.whl#sha256=0f29edc409a6392443abf94b9cf89ce99889a1dd5376d94316ae5145dfedd5d6
resolvelib @ https://files.pythonhosted.org/packages/e2/23/c941a0d0353681ca138489983c4309e0f5095dfd902e1357004f2357ddf2/resolvelib-1.2.1-py3-none-any.whl#sha256=fb06b66c8da04172d9e72a21d7d06186d8919e32ae5ab5cdf5b9d920be805ac2
